
Microsoft Visual Studio Solution File, Format Version 12.00
# Visual Studio 14
VisualStudioVersion = 14.0.25420.1
MinimumVisualStudioVersion = 10.0.40219.1
Project("{FAE04EC0-301F-11D3-BF4B-00C04F79EFBC}") = "SRMCommandService", "SRMAgent\SRMCommandService\SRMCommandService.csproj", "{2A833155-3AB6-4A20-AABB-CC20291EC6CA}"
EndProject
Project("{FAE04EC0-301F-11D3-BF4B-00C04F79EFBC}") = "SRMServiceCommandTest", "SRMAgent\SRMTestConsole\SRMServiceCommandTest.csproj", "{4BF0A59F-9FAA-4E19-BA3C-B2EBF8B74BC1}"
EndProject
Project("{2150E333-8FDC-42A3-9474-1A3956D46DE8}") = "Commands", "Commands", "{A806569D-201A-4BB4-AC4D-4F025430F9B7}"
EndProject
Project("{FAE04EC0-301F-11D3-BF4B-00C04F79EFBC}") = "SRMFileSystemCommand", "SRMAgent\SRMCommands\SRMFileSystemCommand\SRMFileSystemCommand.csproj", "{FADD7591-A166-40E7-AED1-F2F2BFF41DE7}"
EndProject
Project("{FAE04EC0-301F-11D3-BF4B-00C04F79EFBC}") = "SRMTestConsumer", "SRMServer\SRMTestConsumer\SRMTestConsumer.csproj", "{01312C0B-73EC-4340-9F1C-1589F4413A3A}"
EndProject
Project("{FAE04EC0-301F-11D3-BF4B-00C04F79EFBC}") = "SRMAgentService", "SRMAgentService\SRMAgentService.csproj", "{1088624E-E11A-45CA-A642-19B78A531036}"
EndProject
Project("{FAE04EC0-301F-11D3-BF4B-00C04F79EFBC}") = "SRMEventlogWatcher", "SRMEventlogWatcher\SRMEventlogWatcher.csproj", "{CFD0A3DE-39F6-4600-B6A5-53FD04080B5B}"
EndProject
Project("{2150E333-8FDC-42A3-9474-1A3956D46DE8}") = "Commons", "Commons", "{137BCB0E-506F-4B12-BEEE-E160598FF3C9}"
EndProject
Project("{FAE04EC0-301F-11D3-BF4B-00C04F79EFBC}") = "SRMCommons", "JConfig\SRMCommons.csproj", "{A62F16B2-5744-4584-A630-B13457040E29}"
EndProject
Project("{2150E333-8FDC-42A3-9474-1A3956D46DE8}") = "SRM", "SRM", "{9CD93379-722D-45EC-A024-F3150A33CFDD}"
EndProject
Project("{2150E333-8FDC-42A3-9474-1A3956D46DE8}") = "Agent", "Agent", "{52B5B42C-A8BE-48D8-9042-790494BC1212}"
EndProject
Project("{2150E333-8FDC-42A3-9474-1A3956D46DE8}") = "Services", "Services", "{FFACD97A-7676-4FC9-A2E3-EEEAC2F6B19F}"
EndProject
Project("{2150E333-8FDC-42A3-9474-1A3956D46DE8}") = "Watchers", "Watchers", "{FE843837-62FB-4F46-A194-F9EF1153EF6E}"
EndProject
Project("{2150E333-8FDC-42A3-9474-1A3956D46DE8}") = "Server", "Server", "{C04EC6DE-93D5-4FA6-A4A3-5D8CB6F4E235}"
EndProject
Project("{FAE04EC0-301F-11D3-BF4B-00C04F79EFBC}") = "SRMServerService", "SRMServerService\SRMServerService.csproj", "{BDE1DB90-CBEC-4C1E-8F8F-A80E69ED1922}"
EndProject
Project("{2150E333-8FDC-42A3-9474-1A3956D46DE8}") = "Commons", "Commons", "{8E8BB142-8126-49F7-8ED8-4B33ECB1A3FD}"
EndProject
Project("{FAE04EC0-301F-11D3-BF4B-00C04F79EFBC}") = "SRMAgentCommons", "Commons\SRMAgentCommons.csproj", "{B3CE5003-156E-43A0-AD99-8B23829D50B4}"
EndProject
Project("{2150E333-8FDC-42A3-9474-1A3956D46DE8}") = "Components", "Components", "{78B5B360-1382-4567-814A-C1B6150F1109}"
EndProject
Project("{FAE04EC0-301F-11D3-BF4B-00C04F79EFBC}") = "SRMWatcherService", "SRMWatcherService\SRMWatcherService.csproj", "{DC047A52-9EF9-457A-AAE6-555758B29806}"
EndProject
Project("{FAE04EC0-301F-11D3-BF4B-00C04F79EFBC}") = "SRMWatcherServiceTest", "SRMWatcherServiceTest\SRMWatcherServiceTest.csproj", "{F0EFC383-47BD-4E6C-8575-DC1EE894C374}"
EndProject
Project("{FAE04EC0-301F-11D3-BF4B-00C04F79EFBC}") = "SRMBeatWatcher", "SRMBeatWatcher\SRMBeatWatcher.csproj", "{E2D66E96-59BD-4C8F-B535-A665BE1CA3C0}"
EndProject
Global
	GlobalSection(SolutionConfigurationPlatforms) = preSolution
		Debug|Any CPU = Debug|Any CPU
		Release|Any CPU = Release|Any CPU
	EndGlobalSection
	GlobalSection(ProjectConfigurationPlatforms) = postSolution
		{2A833155-3AB6-4A20-AABB-CC20291EC6CA}.Debug|Any CPU.ActiveCfg = Debug|Any CPU
		{2A833155-3AB6-4A20-AABB-CC20291EC6CA}.Debug|Any CPU.Build.0 = Debug|Any CPU
		{2A833155-3AB6-4A20-AABB-CC20291EC6CA}.Release|Any CPU.ActiveCfg = Release|Any CPU
		{2A833155-3AB6-4A20-AABB-CC20291EC6CA}.Release|Any CPU.Build.0 = Release|Any CPU
		{4BF0A59F-9FAA-4E19-BA3C-B2EBF8B74BC1}.Debug|Any CPU.ActiveCfg = Debug|Any CPU
		{4BF0A59F-9FAA-4E19-BA3C-B2EBF8B74BC1}.Debug|Any CPU.Build.0 = Debug|Any CPU
		{4BF0A59F-9FAA-4E19-BA3C-B2EBF8B74BC1}.Release|Any CPU.ActiveCfg = Release|Any CPU
		{4BF0A59F-9FAA-4E19-BA3C-B2EBF8B74BC1}.Release|Any CPU.Build.0 = Release|Any CPU
		{FADD7591-A166-40E7-AED1-F2F2BFF41DE7}.Debug|Any CPU.ActiveCfg = Debug|Any CPU
		{FADD7591-A166-40E7-AED1-F2F2BFF41DE7}.Debug|Any CPU.Build.0 = Debug|Any CPU
		{FADD7591-A166-40E7-AED1-F2F2BFF41DE7}.Release|Any CPU.ActiveCfg = Release|Any CPU
		{FADD7591-A166-40E7-AED1-F2F2BFF41DE7}.Release|Any CPU.Build.0 = Release|Any CPU
		{01312C0B-73EC-4340-9F1C-1589F4413A3A}.Debug|Any CPU.ActiveCfg = Debug|Any CPU
		{01312C0B-73EC-4340-9F1C-1589F4413A3A}.Debug|Any CPU.Build.0 = Debug|Any CPU
		{01312C0B-73EC-4340-9F1C-1589F4413A3A}.Release|Any CPU.ActiveCfg = Release|Any CPU
		{01312C0B-73EC-4340-9F1C-1589F4413A3A}.Release|Any CPU.Build.0 = Release|Any CPU
		{1088624E-E11A-45CA-A642-19B78A531036}.Debug|Any CPU.ActiveCfg = Debug|Any CPU
		{1088624E-E11A-45CA-A642-19B78A531036}.Debug|Any CPU.Build.0 = Debug|Any CPU
		{1088624E-E11A-45CA-A642-19B78A531036}.Release|Any CPU.ActiveCfg = Release|Any CPU
		{1088624E-E11A-45CA-A642-19B78A531036}.Release|Any CPU.Build.0 = Release|Any CPU
		{CFD0A3DE-39F6-4600-B6A5-53FD04080B5B}.Debug|Any CPU.ActiveCfg = Debug|Any CPU
		{CFD0A3DE-39F6-4600-B6A5-53FD04080B5B}.Debug|Any CPU.Build.0 = Debug|Any CPU
		{CFD0A3DE-39F6-4600-B6A5-53FD04080B5B}.Release|Any CPU.ActiveCfg = Release|Any CPU
		{CFD0A3DE-39F6-4600-B6A5-53FD04080B5B}.Release|Any CPU.Build.0 = Release|Any CPU
		{A62F16B2-5744-4584-A630-B13457040E29}.Debug|Any CPU.ActiveCfg = Debug|Any CPU
		{A62F16B2-5744-4584-A630-B13457040E29}.Debug|Any CPU.Build.0 = Debug|Any CPU
		{A62F16B2-5744-4584-A630-B13457040E29}.Release|Any CPU.ActiveCfg = Release|Any CPU
		{A62F16B2-5744-4584-A630-B13457040E29}.Release|Any CPU.Build.0 = Release|Any CPU
		{BDE1DB90-CBEC-4C1E-8F8F-A80E69ED1922}.Debug|Any CPU.ActiveCfg = Debug|Any CPU
		{BDE1DB90-CBEC-4C1E-8F8F-A80E69ED1922}.Debug|Any CPU.Build.0 = Debug|Any CPU
		{BDE1DB90-CBEC-4C1E-8F8F-A80E69ED1922}.Release|Any CPU.ActiveCfg = Release|Any CPU
		{BDE1DB90-CBEC-4C1E-8F8F-A80E69ED1922}.Release|Any CPU.Build.0 = Release|Any CPU
		{B3CE5003-156E-43A0-AD99-8B23829D50B4}.Debug|Any CPU.ActiveCfg = Debug|Any CPU
		{B3CE5003-156E-43A0-AD99-8B23829D50B4}.Debug|Any CPU.Build.0 = Debug|Any CPU
		{B3CE5003-156E-43A0-AD99-8B23829D50B4}.Release|Any CPU.ActiveCfg = Release|Any CPU
		{B3CE5003-156E-43A0-AD99-8B23829D50B4}.Release|Any CPU.Build.0 = Release|Any CPU
		{DC047A52-9EF9-457A-AAE6-555758B29806}.Debug|Any CPU.ActiveCfg = Debug|Any CPU
		{DC047A52-9EF9-457A-AAE6-555758B29806}.Debug|Any CPU.Build.0 = Debug|Any CPU
		{DC047A52-9EF9-457A-AAE6-555758B29806}.Release|Any CPU.ActiveCfg = Release|Any CPU
		{DC047A52-9EF9-457A-AAE6-555758B29806}.Release|Any CPU.Build.0 = Release|Any CPU
		{F0EFC383-47BD-4E6C-8575-DC1EE894C374}.Debug|Any CPU.ActiveCfg = Debug|Any CPU
		{F0EFC383-47BD-4E6C-8575-DC1EE894C374}.Debug|Any CPU.Build.0 = Debug|Any CPU
		{F0EFC383-47BD-4E6C-8575-DC1EE894C374}.Release|Any CPU.ActiveCfg = Release|Any CPU
		{F0EFC383-47BD-4E6C-8575-DC1EE894C374}.Release|Any CPU.Build.0 = Release|Any CPU
		{E2D66E96-59BD-4C8F-B535-A665BE1CA3C0}.Debug|Any CPU.ActiveCfg = Debug|Any CPU
		{E2D66E96-59BD-4C8F-B535-A665BE1CA3C0}.Debug|Any CPU.Build.0 = Debug|Any CPU
		{E2D66E96-59BD-4C8F-B535-A665BE1CA3C0}.Release|Any CPU.ActiveCfg = Release|Any CPU
		{E2D66E96-59BD-4C8F-B535-A665BE1CA3C0}.Release|Any CPU.Build.0 = Release|Any CPU
	EndGlobalSection
	GlobalSection(SolutionProperties) = preSolution
		HideSolutionNode = FALSE
	EndGlobalSection
	GlobalSection(NestedProjects) = preSolution
		{2A833155-3AB6-4A20-AABB-CC20291EC6CA} = {FFACD97A-7676-4FC9-A2E3-EEEAC2F6B19F}
		{4BF0A59F-9FAA-4E19-BA3C-B2EBF8B74BC1} = {52B5B42C-A8BE-48D8-9042-790494BC1212}
		{A806569D-201A-4BB4-AC4D-4F025430F9B7} = {78B5B360-1382-4567-814A-C1B6150F1109}
		{FADD7591-A166-40E7-AED1-F2F2BFF41DE7} = {A806569D-201A-4BB4-AC4D-4F025430F9B7}
		{01312C0B-73EC-4340-9F1C-1589F4413A3A} = {C04EC6DE-93D5-4FA6-A4A3-5D8CB6F4E235}
		{1088624E-E11A-45CA-A642-19B78A531036} = {52B5B42C-A8BE-48D8-9042-790494BC1212}
		{CFD0A3DE-39F6-4600-B6A5-53FD04080B5B} = {FE843837-62FB-4F46-A194-F9EF1153EF6E}
		{137BCB0E-506F-4B12-BEEE-E160598FF3C9} = {9CD93379-722D-45EC-A024-F3150A33CFDD}
		{A62F16B2-5744-4584-A630-B13457040E29} = {137BCB0E-506F-4B12-BEEE-E160598FF3C9}
		{52B5B42C-A8BE-48D8-9042-790494BC1212} = {9CD93379-722D-45EC-A024-F3150A33CFDD}
		{FFACD97A-7676-4FC9-A2E3-EEEAC2F6B19F} = {52B5B42C-A8BE-48D8-9042-790494BC1212}
		{FE843837-62FB-4F46-A194-F9EF1153EF6E} = {78B5B360-1382-4567-814A-C1B6150F1109}
		{C04EC6DE-93D5-4FA6-A4A3-5D8CB6F4E235} = {9CD93379-722D-45EC-A024-F3150A33CFDD}
		{BDE1DB90-CBEC-4C1E-8F8F-A80E69ED1922} = {C04EC6DE-93D5-4FA6-A4A3-5D8CB6F4E235}
		{8E8BB142-8126-49F7-8ED8-4B33ECB1A3FD} = {52B5B42C-A8BE-48D8-9042-790494BC1212}
		{B3CE5003-156E-43A0-AD99-8B23829D50B4} = {8E8BB142-8126-49F7-8ED8-4B33ECB1A3FD}
		{78B5B360-1382-4567-814A-C1B6150F1109} = {52B5B42C-A8BE-48D8-9042-790494BC1212}
		{DC047A52-9EF9-457A-AAE6-555758B29806} = {FFACD97A-7676-4FC9-A2E3-EEEAC2F6B19F}
		{F0EFC383-47BD-4E6C-8575-DC1EE894C374} = {52B5B42C-A8BE-48D8-9042-790494BC1212}
		{E2D66E96-59BD-4C8F-B535-A665BE1CA3C0} = {FE843837-62FB-4F46-A194-F9EF1153EF6E}
	EndGlobalSection
EndGlobal
